
Microsoft Visual Studio Solution File, Format Version 12.00
# Visual Studio 2012
Project("{FAE04EC0-301F-11D3-BF4B-00C04F79EFBC}") = "Advertisement", "Advertisement\Advertisement.csproj", "{FE113C97-3ACB-458E-B8DF-1C6198BB8421}"
EndProject
Project("{FAE04EC0-301F-11D3-BF4B-00C04F79EFBC}") = "Advertisement.Tests", "Advertisement.Tests\Advertisement.Tests.csproj", "{2DC333FC-F28F-443C-86C2-3B55B2591C0B}"
EndProject
Global
	GlobalSection(SolutionConfigurationPlatforms) = preSolution
		Debug|Any CPU = Debug|Any CPU
		Release|Any CPU = Release|Any CPU
	EndGlobalSection
	GlobalSection(ProjectConfigurationPlatforms) = postSolution
		{FE113C97-3ACB-458E-B8DF-1C6198BB8421}.Debug|Any CPU.ActiveCfg = Debug|Any CPU
		{FE113C97-3ACB-458E-B8DF-1C6198BB8421}.Debug|Any CPU.Build.0 = Debug|Any CPU
		{FE113C97-3ACB-458E-B8DF-1C6198BB8421}.Release|Any CPU.ActiveCfg = Release|Any CPU
		{FE113C97-3ACB-458E-B8DF-1C6198BB8421}.Release|Any CPU.Build.0 = Release|Any CPU
		{2DC333FC-F28F-443C-86C2-3B55B2591C0B}.Debug|Any CPU.ActiveCfg = Debug|Any CPU
		{2DC333FC-F28F-443C-86C2-3B55B2591C0B}.Debug|Any CPU.Build.0 = Debug|Any CPU
		{2DC333FC-F28F-443C-86C2-3B55B2591C0B}.Release|Any CPU.ActiveCfg = Release|Any CPU
		{2DC333FC-F28F-443C-86C2-3B55B2591C0B}.Release|Any CPU.Build.0 = Release|Any CPU
	EndGlobalSection
	GlobalSection(SolutionProperties) = preSolution
		HideSolutionNode = FALSE
	EndGlobalSection
EndGlobal
